
Microsoft Visual Studio Solution File, Format Version 12.00
# Visual Studio Version 17
VisualStudioVersion = 17.14.36616.10 d17.14
MinimumVisualStudioVersion = 10.0.40219.1
Project("{FAE04EC0-301F-11D3-BF4B-00C04F79EFBC}") = "moetgage-calculator", "moetgage-calculator.csproj", "{54E50372-AB4B-4271-9602-3AB3104A16AB}"
EndProject
Global
	GlobalSection(SolutionConfigurationPlatforms) = preSolution
		Debug|Any CPU = Debug|Any CPU
		Release|Any CPU = Release|Any CPU
	EndGlobalSection
	GlobalSection(ProjectConfigurationPlatforms) = postSolution
		{54E50372-AB4B-4271-9602-3AB3104A16AB}.Debug|Any CPU.ActiveCfg = Debug|Any CPU
		{54E50372-AB4B-4271-9602-3AB3104A16AB}.Debug|Any CPU.Build.0 = Debug|Any CPU
		{54E50372-AB4B-4271-9602-3AB3104A16AB}.Release|Any CPU.ActiveCfg = Release|Any CPU
		{54E50372-AB4B-4271-9602-3AB3104A16AB}.Release|Any CPU.Build.0 = Release|Any CPU
	EndGlobalSection
	GlobalSection(SolutionProperties) = preSolution
		HideSolutionNode = FALSE
	EndGlobalSection
	GlobalSection(ExtensibilityGlobals) = postSolution
		SolutionGuid = {33FDC2D8-0295-45FC-9898-D3053FEC197E}
	EndGlobalSection
EndGlobal
